// !$*UTF8*$!
{
	archiveVersion = 1;
	classes = {
	};
	objectVersion = 46;
	objects = {

/* Begin PBXBuildFile section */
		DEA44FE818B05EB9001BEC81 /* Foundation.framework in Frameworks */ = {isa = PBXBuildFile; fileRef = DEA44FE718B05EB9001BEC81 /* Foundation.framework */; };
		DEA44FEA18B05EB9001BEC81 /* CoreGraphics.framework in Frameworks */ = {isa = PBXBuildFile; fileRef = DEA44FE918B05EB9001BEC81 /* CoreGraphics.framework */; };
		DEA44FEC18B05EB9001BEC81 /* UIKit.framework in Frameworks */ = {isa = PBXBuildFile; fileRef = DEA44FEB18B05EB9001BEC81 /* UIKit.framework */; };
		DEA44FF218B05EB9001BEC81 /* InfoPlist.strings in Resources */ = {isa = PBXBuildFile; fileRef = DEA44FF018B05EB9001BEC81 /* InfoPlist.strings */; };
		DEA44FF418B05EB9001BEC81 /* main.m in Sources */ = {isa = PBXBuildFile; fileRef = DEA44FF318B05EB9001BEC81 /* main.m */; };
		DEA44FF818B05EB9001BEC81 /* AppDelegate.m in Sources */ = {isa = PBXBuildFile; fileRef = DEA44FF718B05EB9001BEC81 /* AppDelegate.m */; };
		DEA44FFA18B05EB9001BEC81 /* Images.xcassets in Resources */ = {isa = PBXBuildFile; fileRef = DEA44FF918B05EB9001BEC81 /* Images.xcassets */; };
		DEA4500118B05EB9001BEC81 /* XCTest.framework in Frameworks */ = {isa = PBXBuildFile; fileRef = DEA4500018B05EB9001BEC81 /* XCTest.framework */; };
		DEA4500218B05EB9001BEC81 /* Foundation.framework in Frameworks */ = {isa = PBXBuildFile; fileRef = DEA44FE718B05EB9001BEC81 /* Foundation.framework */; };
		DEA4500318B05EB9001BEC81 /* UIKit.framework in Frameworks */ = {isa = PBXBuildFile; fileRef = DEA44FEB18B05EB9001BEC81 /* UIKit.framework */; };
		DEA4500B18B05EB9001BEC81 /* InfoPlist.strings in Resources */ = {isa = PBXBuildFile; fileRef = DEA4500918B05EB9001BEC81 /* InfoPlist.strings */; };
		DEA4500D18B05EB9001BEC81 /* homework1Tests.m in Sources */ = {isa = PBXBuildFile; fileRef = DEA4500C18B05EB9001BEC81 /* homework1Tests.m */; };
/* End PBXBuildFile section */

/* Begin PBXContainerItemProxy section */
		DEA4500418B05EB9001BEC81 /* PBXContainerItemProxy */ = {
			isa = PBXContainerItemProxy;
			containerPortal = DEA44FDC18B05EB9001BEC81 /* Project object */;
			proxyType = 1;
			remoteGlobalIDString = DEA44FE318B05EB9001BEC81;
			remoteInfo = homework1;
		};
/* End PBXContainerItemProxy section */

/* Begin PBXFileReference section */
		DEA44FE418B05EB9001BEC81 /* homework1.app */ = {isa = PBXFileReference; explicitFileType = wrapper.application; includeInIndex = 0; path = homework1.app; sourceTree = BUILT_PRODUCTS_DIR; };
		DEA44FE718B05EB9001BEC81 /* Foundation.framework */ = {isa = PBXFileReference; lastKnownFileType = wrapper.framework; name = Foundation.framework; path = System/Library/Frameworks/Foundation.framework; sourceTree = SDKROOT; };
		DEA44FE918B05EB9001BEC81 /* CoreGraphics.framework */ = {isa = PBXFileReference; lastKnownFileType = wrapper.framework; name = CoreGraphics.framework; path = System/Library/Frameworks/CoreGraphics.framework; sourceTree = SDKROOT; };
		DEA44FEB18B05EB9001BEC81 /* UIKit.framework */ = {isa = PBXFileReference; lastKnownFileType = wrapper.framework; name = UIKit.framework; path = System/Library/Frameworks/UIKit.framework; sourceTree = SDKROOT; };
		DEA44FEF18B05EB9001BEC81 /* homework1-Info.plist */ = {isa = PBXFileReference; lastKnownFileType = text.plist.xml; path = "homework1-Info.plist"; sourceTree = "<group>"; };
		DEA44FF118B05EB9001BEC81 /* en */ = {isa = PBXFileReference; lastKnownFileType = text.plist.strings; name = en; path = en.lproj/InfoPlist.strings; sourceTree = "<group>"; };
		DEA44FF318B05EB9001BEC81 /* main.m */ = {isa = PBXFileReference; lastKnownFileType = sourcecode.c.objc; path = main.m; sourceTree = "<group>"; };
		DEA44FF518B05EB9001BEC81 /* homework1-Prefix.pch */ = {isa = PBXFileReference; lastKnownFileType = sourcecode.c.h; path = "homework1-Prefix.pch"; sourceTree = "<group>"; };
		DEA44FF618B05EB9001BEC81 /* AppDelegate.h */ = {isa = PBXFileReference; lastKnownFileType = sourcecode.c.h; path = AppDelegate.h; sourceTree = "<group>"; };
		DEA44FF718B05EB9001BEC81 /* AppDelegate.m */ = {isa = PBXFileReference; lastKnownFileType = sourcecode.c.objc; path = AppDelegate.m; sourceTree = "<group>"; };
		DEA44FF918B05EB9001BEC81 /* Images.xcassets */ = {isa = PBXFileReference; lastKnownFileType = folder.assetcatalog; path = Images.xcassets; sourceTree = "<group>"; };
		DEA44FFF18B05EB9001BEC81 /* homework1Tests.xctest */ = {isa = PBXFileReference; explicitFileType = wrapper.cfbundle; includeInIndex = 0; path = homework1Tests.xctest; sourceTree = BUILT_PRODUCTS_DIR; };
		DEA4500018B05EB9001BEC81 /* XCTest.framework */ = {isa = PBXFileReference; lastKnownFileType = wrapper.framework; name = XCTest.framework; path = Library/Frameworks/XCTest.framework; sourceTree = DEVELOPER_DIR; };
		DEA4500818B05EB9001BEC81 /* homework1Tests-Info.plist */ = {isa = PBXFileReference; lastKnownFileType = text.plist.xml; path = "homework1Tests-Info.plist"; sourceTree = "<group>"; };
		DEA4500A18B05EB9001BEC81 /* en */ = {isa = PBXFileReference; lastKnownFileType = text.plist.strings; name = en; path = en.lproj/InfoPlist.strings; sourceTree = "<group>"; };
		DEA4500C18B05EB9001BEC81 /* homework1Tests.m */ = {isa = PBXFileReference; lastKnownFileType = sourcecode.c.objc; path = homework1Tests.m; sourceTree = "<group>"; };
/* End PBXFileReference section */

/* Begin PBXFrameworksBuildPhase section */
		DEA44FE118B05EB9001BEC81 /* Frameworks */ = {
			isa = PBXFrameworksBuildPhase;
			buildActionMask = 2147483647;
			files = (
				DEA44FEA18B05EB9001BEC81 /* CoreGraphics.framework in Frameworks */,
				DEA44FEC18B05EB9001BEC81 /* UIKit.framework in Frameworks */,
				DEA44FE818B05EB9001BEC81 /* Foundation.framework in Frameworks */,
			);
			runOnlyForDeploymentPostprocessing = 0;
		};
		DEA44FFC18B05EB9001BEC81 /* Frameworks */ = {
			isa = PBXFrameworksBuildPhase;
			buildActionMask = 2147483647;
			files = (
				DEA4500118B05EB9001BEC81 /* XCTest.framework in Frameworks */,
				DEA4500318B05EB9001BEC81 /* UIKit.framework in Frameworks */,
				DEA4500218B05EB9001BEC81 /* Foundation.framework in Frameworks */,
			);
			runOnlyForDeploymentPostprocessing = 0;
		};
/* End PBXFrameworksBuildPhase section */

/* Begin PBXGroup section */
		DEA44FDB18B05EB9001BEC81 = {
			isa = PBXGroup;
			children = (
				DEA44FED18B05EB9001BEC81 /* homework1 */,
				DEA4500618B05EB9001BEC81 /* homework1Tests */,
				DEA44FE618B05EB9001BEC81 /* Frameworks */,
				DEA44FE518B05EB9001BEC81 /* Products */,
			);
			sourceTree = "<group>";
		};
		DEA44FE518B05EB9001BEC81 /* Products */ = {
			isa = PBXGroup;
			children = (
				DEA44FE418B05EB9001BEC81 /* homework1.app */,
				DEA44FFF18B05EB9001BEC81 /* homework1Tests.xctest */,
			);
			name = Products;
			sourceTree = "<group>";
		};
		DEA44FE618B05EB9001BEC81 /* Frameworks */ = {
			isa = PBXGroup;
			children = (
				DEA44FE718B05EB9001BEC81 /* Foundation.framework */,
				DEA44FE918B05EB9001BEC81 /* CoreGraphics.framework */,
				DEA44FEB18B05EB9001BEC81 /* UIKit.framework */,
				DEA4500018B05EB9001BEC81 /* XCTest.framework */,
			);
			name = Frameworks;
			sourceTree = "<group>";
		};
		DEA44FED18B05EB9001BEC81 /* homework1 */ = {
			isa = PBXGroup;
			children = (
				DEA44FF618B05EB9001BEC81 /* AppDelegate.h */,
				DEA44FF718B05EB9001BEC81 /* AppDelegate.m */,
				DEA44FF918B05EB9001BEC81 /* Images.xcassets */,
				DEA44FEE18B05EB9001BEC81 /* Supporting Files */,
			);
			path = homework1;
			sourceTree = "<group>";
		};
		DEA44FEE18B05EB9001BEC81 /* Supporting Files */ = {
			isa = PBXGroup;
			children = (
				DEA44FEF18B05EB9001BEC81 /* homework1-Info.plist */,
				DEA44FF018B05EB9001BEC81 /* InfoPlist.strings */,
				DEA44FF318B05EB9001BEC81 /* main.m */,
				DEA44FF518B05EB9001BEC81 /* homework1-Prefix.pch */,
			);
			name = "Supporting Files";
			sourceTree = "<group>";
		};
		DEA4500618B05EB9001BEC81 /* homework1Tests */ = {
			isa = PBXGroup;
			children = (
				DEA4500C18B05EB9001BEC81 /* homework1Tests.m */,
				DEA4500718B05EB9001BEC81 /* Supporting Files */,
			);
			path = homework1Tests;
			sourceTree = "<group>";
		};
		DEA4500718B05EB9001BEC81 /* Supporting Files */ = {
			isa = PBXGroup;
			children = (
				DEA4500818B05EB9001BEC81 /* homework1Tests-Info.plist */,
				DEA4500918B05EB9001BEC81 /* InfoPlist.strings */,
			);
			name = "Supporting Files";
			sourceTree = "<group>";
		};
/* End PBXGroup section */

/* Begin PBXNativeTarget section */
		DEA44FE318B05EB9001BEC81 /* homework1 */ = {
			isa = PBXNativeTarget;
			buildConfigurationList = DEA4501018B05EB9001BEC81 /* Build configuration list for PBXNativeTarget "homework1" */;
			buildPhases = (
				DEA44FE018B05EB9001BEC81 /* Sources */,
				DEA44FE118B05EB9001BEC81 /* Frameworks */,
				DEA44FE218B05EB9001BEC81 /* Resources */,
			);
			buildRules = (
			);
			dependencies = (
			);
			name = homework1;
			productName = homework1;
			productReference = DEA44FE418B05EB9001BEC81 /* homework1.app */;
			productType = "com.apple.product-type.application";
		};
		DEA44FFE18B05EB9001BEC81 /* homework1Tests */ = {
			isa = PBXNativeTarget;
			buildConfigurationList = DEA4501318B05EB9001BEC81 /* Build configuration list for PBXNativeTarget "homework1Tests" */;
			buildPhases = (
				DEA44FFB18B05EB9001BEC81 /* Sources */,
				DEA44FFC18B05EB9001BEC81 /* Frameworks */,
				DEA44FFD18B05EB9001BEC81 /* Resources */,
			);
			buildRules = (
			);
			dependencies = (
				DEA4500518B05EB9001BEC81 /* PBXTargetDependency */,
			);
			name = homework1Tests;
			productName = homework1Tests;
			productReference = DEA44FFF18B05EB9001BEC81 /* homework1Tests.xctest */;
			productType = "com.apple.product-type.bundle.unit-test";
		};
/* End PBXNativeTarget section */

/* Begin PBXProject section */
		DEA44FDC18B05EB9001BEC81 /* Project object */ = {
			isa = PBXProject;
			attributes = {
				LastUpgradeCheck = 0500;
				ORGANIZATIONNAME = "Ed Salvana";
				TargetAttributes = {
					DEA44FFE18B05EB9001BEC81 = {
						TestTargetID = DEA44FE318B05EB9001BEC81;
					};
				};
			};
			buildConfigurationList = DEA44FDF18B05EB9001BEC81 /* Build configuration list for PBXProject "homework1" */;
			compatibilityVersion = "Xcode 3.2";
			developmentRegion = English;
			hasScannedForEncodings = 0;
			knownRegions = (
				en,
			);
			mainGroup = DEA44FDB18B05EB9001BEC81;
			productRefGroup = DEA44FE518B05EB9001BEC81 /* Products */;
			projectDirPath = "";
			projectRoot = "";
			targets = (
				DEA44FE318B05EB9001BEC81 /* homework1 */,
				DEA44FFE18B05EB9001BEC81 /* homework1Tests */,
			);
		};
/* End PBXProject section */

/* Begin PBXResourcesBuildPhase section */
		DEA44FE218B05EB9001BEC81 /* Resources */ = {
			isa = PBXResourcesBuildPhase;
			buildActionMask = 2147483647;
			files = (
				DEA44FF218B05EB9001BEC81 /* InfoPlist.strings in Resources */,
				DEA44FFA18B05EB9001BEC81 /* Images.xcassets in Resources */,
			);
			runOnlyForDeploymentPostprocessing = 0;
		};
		DEA44FFD18B05EB9001BEC81 /* Resources */ = {
			isa = PBXResourcesBuildPhase;
			buildActionMask = 2147483647;
			files = (
				DEA4500B18B05EB9001BEC81 /* InfoPlist.strings in Resources */,
			);
			runOnlyForDeploymentPostprocessing = 0;
		};
/* End PBXResourcesBuildPhase section */

/* Begin PBXSourcesBuildPhase section */
		DEA44FE018B05EB9001BEC81 /* Sources */ = {
			isa = PBXSourcesBuildPhase;
			buildActionMask = 2147483647;
			files = (
				DEA44FF818B05EB9001BEC81 /* AppDelegate.m in Sources */,
				DEA44FF418B05EB9001BEC81 /* main.m in Sources */,
			);
			runOnlyForDeploymentPostprocessing = 0;
		};
		DEA44FFB18B05EB9001BEC81 /* Sources */ = {
			isa = PBXSourcesBuildPhase;
			buildActionMask = 2147483647;
			files = (
				DEA4500D18B05EB9001BEC81 /* homework1Tests.m in Sources */,
			);
			runOnlyForDeploymentPostprocessing = 0;
		};
/* End PBXSourcesBuildPhase section */

/* Begin PBXTargetDependency section */
		DEA4500518B05EB9001BEC81 /* PBXTargetDependency */ = {
			isa = PBXTargetDependency;
			target = DEA44FE318B05EB9001BEC81 /* homework1 */;
			targetProxy = DEA4500418B05EB9001BEC81 /* PBXContainerItemProxy */;
		};
/* End PBXTargetDependency section */

/* Begin PBXVariantGroup section */
		DEA44FF018B05EB9001BEC81 /* InfoPlist.strings */ = {
			isa = PBXVariantGroup;
			children = (
				DEA44FF118B05EB9001BEC81 /* en */,
			);
			name = InfoPlist.strings;
			sourceTree = "<group>";
		};
		DEA4500918B05EB9001BEC81 /* InfoPlist.strings */ = {
			isa = PBXVariantGroup;
			children = (
				DEA4500A18B05EB9001BEC81 /* en */,
			);
			name = InfoPlist.strings;
			sourceTree = "<group>";
		};
/* End PBXVariantGroup section */

/* Begin XCBuildConfiguration section */
		DEA4500E18B05EB9001BEC81 /* Debug */ = {
			isa = XCBuildConfiguration;
			buildSettings = {
				ALWAYS_SEARCH_USER_PATHS = NO;
				ARCHS = "$(ARCHS_STANDARD_INCLUDING_64_BIT)";
				CLANG_CXX_LANGUAGE_STANDARD = "gnu++0x";
				CLANG_CXX_LIBRARY = "libc++";
				CLANG_ENABLE_MODULES = YES;
				CLANG_ENABLE_OBJC_ARC = YES;
				CLANG_WARN_BOOL_CONVERSION = YES;
				CLANG_WARN_CONSTANT_CONVERSION = YES;
				CLANG_WARN_DIRECT_OBJC_ISA_USAGE = YES_ERROR;
				CLANG_WARN_EMPTY_BODY = YES;
				CLANG_WARN_ENUM_CONVERSION = YES;
				CLANG_WARN_INT_CONVERSION = YES;
				CLANG_WARN_OBJC_ROOT_CLASS = YES_ERROR;
				CLANG_WARN__DUPLICATE_METHOD_MATCH = YES;
				"CODE_SIGN_IDENTITY[sdk=iphoneos*]" = "iPhone Developer";
				COPY_PHASE_STRIP = NO;
				GCC_C_LANGUAGE_STANDARD = gnu99;
				GCC_DYNAMIC_NO_PIC = NO;
				GCC_OPTIMIZATION_LEVEL = 0;
				GCC_PREPROCESSOR_DEFINITIONS = (
					"DEBUG=1",
					"$(inherited)",
				);
				GCC_SYMBOLS_PRIVATE_EXTERN = NO;
				GCC_WARN_64_TO_32_BIT_CONVERSION = YES;
				GCC_WARN_ABOUT_RETURN_TYPE = YES_ERROR;
				GCC_WARN_UNDECLARED_SELECTOR = YES;
				GCC_WARN_UNINITIALIZED_AUTOS = YES;
				GCC_WARN_UNUSED_FUNCTION = YES;
				GCC_WARN_UNUSED_VARIABLE = YES;
				IPHONEOS_DEPLOYMENT_TARGET = 7.0;
				ONLY_ACTIVE_ARCH = YES;
				SDKROOT = iphoneos;
			};
			name = Debug;
		};
		DEA4500F18B05EB9001BEC81 /* Release */ = {
			isa = XCBuildConfiguration;
			buildSettings = {
				ALWAYS_SEARCH_USER_PATHS = NO;
				ARCHS = "$(ARCHS_STANDARD_INCLUDING_64_BIT)";
				CLANG_CXX_LANGUAGE_STANDARD = "gnu++0x";
				CLANG_CXX_LIBRARY = "libc++";
				CLANG_ENABLE_MODULES = YES;
				CLANG_ENABLE_OBJC_ARC = YES;
				CLANG_WARN_BOOL_CONVERSION = YES;
				CLANG_WARN_CONSTANT_CONVERSION = YES;
				CLANG_WARN_DIRECT_OBJC_ISA_USAGE = YES_ERROR;
				CLANG_WARN_EMPTY_BODY = YES;
				CLANG_WARN_ENUM_CONVERSION = YES;
				CLANG_WARN_INT_CONVERSION = YES;
				CLANG_WARN_OBJC_ROOT_CLASS = YES_ERROR;
				CLANG_WARN__DUPLICATE_METHOD_MATCH = YES;
				"CODE_SIGN_IDENTITY[sdk=iphoneos*]" = "iPhone Developer";
				COPY_PHASE_STRIP = YES;
				ENABLE_NS_ASSERTIONS = NO;
				GCC_C_LANGUAGE_STANDARD = gnu99;
				GCC_WARN_64_TO_32_BIT_CONVERSION = YES;
				GCC_WARN_ABOUT_RETURN_TYPE = YES_ERROR;
				GCC_WARN_UNDECLARED_SELECTOR = YES;
				GCC_WARN_UNINITIALIZED_AUTOS = YES;
				GCC_WARN_UNUSED_FUNCTION = YES;
				GCC_WARN_UNUSED_VARIABLE = YES;
				IPHONEOS_DEPLOYMENT_TARGET = 7.0;
				SDKROOT = iphoneos;
				VALIDATE_PRODUCT = YES;
			};
			name = Release;
		};
		DEA4501118B05EB9001BEC81 /* Debug */ = {
			isa = XCBuildConfiguration;
			buildSettings = {
				ASSETCATALOG_COMPILER_APPICON_NAME = AppIcon;
				ASSETCATALOG_COMPILER_LAUNCHIMAGE_NAME = LaunchImage;
				GCC_PRECOMPILE_PREFIX_HEADER = YES;
				GCC_PREFIX_HEADER = "homework1/homework1-Prefix.pch";
				INFOPLIST_FILE = "homework1/homework1-Info.plist";
				PRODUCT_NAME = "$(TARGET_NAME)";
				WRAPPER_EXTENSION = app;
			};
			name = Debug;
		};
		DEA4501218B05EB9001BEC81 /* Release */ = {
			isa = XCBuildConfiguration;
			buildSettings = {
				ASSETCATALOG_COMPILER_APPICON_NAME = AppIcon;
				ASSETCATALOG_COMPILER_LAUNCHIMAGE_NAME = LaunchImage;
				GCC_PRECOMPILE_PREFIX_HEADER = YES;
				GCC_PREFIX_HEADER = "homework1/homework1-Prefix.pch";
				INFOPLIST_FILE = "homework1/homework1-Info.plist";
				PRODUCT_NAME = "$(TARGET_NAME)";
				WRAPPER_EXTENSION = app;
			};
			name = Release;
		};
		DEA4501418B05EB9001BEC81 /* Debug */ = {
			isa = XCBuildConfiguration;
			buildSettings = {
				ARCHS = "$(ARCHS_STANDARD_INCLUDING_64_BIT)";
				BUNDLE_LOADER = "$(BUILT_PRODUCTS_DIR)/homework1.app/homework1";
				FRAMEWORK_SEARCH_PATHS = (
					"$(SDKROOT)/Developer/Library/Frameworks",
					"$(inherited)",
					"$(DEVELOPER_FRAMEWORKS_DIR)",
				);
				GCC_PRECOMPILE_PREFIX_HEADER = YES;
				GCC_PREFIX_HEADER = "homework1/homework1-Prefix.pch";
				GCC_PREPROCESSOR_DEFINITIONS = (
					"DEBUG=1",
					"$(inherited)",
				);
				INFOPLIST_FILE = "homework1Tests/homework1Tests-Info.plist";
				PRODUCT_NAME = "$(TARGET_NAME)";
				TEST_HOST = "$(BUNDLE_LOADER)";
				WRAPPER_EXTENSION = xctest;
			};
			name = Debug;
		};
		DEA4501518B05EB9001BEC81 /* Release */ = {
			isa = XCBuildConfiguration;
			buildSettings = {
				ARCHS = "$(ARCHS_STANDARD_INCLUDING_64_BIT)";
				BUNDLE_LOADER = "$(BUILT_PRODUCTS_DIR)/homework1.app/homework1";
				FRAMEWORK_SEARCH_PATHS = (
					"$(SDKROOT)/Developer/Library/Frameworks",
					"$(inherited)",
					"$(DEVELOPER_FRAMEWORKS_DIR)",
				);
				GCC_PRECOMPILE_PREFIX_HEADER = YES;
				GCC_PREFIX_HEADER = "homework1/homework1-Prefix.pch";
				INFOPLIST_FILE = "homework1Tests/homework1Tests-Info.plist";
				PRODUCT_NAME = "$(TARGET_NAME)";
				TEST_HOST = "$(BUNDLE_LOADER)";
				WRAPPER_EXTENSION = xctest;
			};
			name = Release;
		};
/* End XCBuildConfiguration section */

/* Begin XCConfigurationList section */
		DEA44FDF18B05EB9001BEC81 /* Build configuration list for PBXProject "homework1" */ = {
			isa = XCConfigurationList;
			buildConfigurations = (
				DEA4500E18B05EB9001BEC81 /* Debug */,
				DEA4500F18B05EB9001BEC81 /* Release */,
			);
			defaultConfigurationIsVisible = 0;
			defaultConfigurationName = Release;
		};
		DEA4501018B05EB9001BEC81 /* Build configuration list for PBXNativeTarget "homework1" */ = {
			isa = XCConfigurationList;
			buildConfigurations = (
				DEA4501118B05EB9001BEC81 /* Debug */,
				DEA4501218B05EB9001BEC81 /* Release */,
			);
			defaultConfigurationIsVisible = 0;
		};
		DEA4501318B05EB9001BEC81 /* Build configuration list for PBXNativeTarget "homework1Tests" */ = {
			isa = XCConfigurationList;
			buildConfigurations = (
				DEA4501418B05EB9001BEC81 /* Debug */,
				DEA4501518B05EB9001BEC81 /* Release */,
			);
			defaultConfigurationIsVisible = 0;
		};
/* End XCConfigurationList section */
	};
	rootObject = DEA44FDC18B05EB9001BEC81 /* Project object */;
}
